
Microsoft Visual Studio Solution File, Format Version 12.00
# Visual Studio Version 17
VisualStudioVersion = 17.7.34031.279
MinimumVisualStudioVersion = 10.0.40219.1
Project("{FAE04EC0-301F-11D3-BF4B-00C04F79EFBC}") = "Imventory_API", "Imventory_API.csproj", "{20F22B6D-63F9-4E68-9ED9-1F1D4E7167D6}"
EndProject
Global
	GlobalSection(SolutionConfigurationPlatforms) = preSolution
		Debug|Any CPU = Debug|Any CPU
		Release|Any CPU = Release|Any CPU
	EndGlobalSection
	GlobalSection(ProjectConfigurationPlatforms) = postSolution
		{20F22B6D-63F9-4E68-9ED9-1F1D4E7167D6}.Debug|Any CPU.ActiveCfg = Debug|Any CPU
		{20F22B6D-63F9-4E68-9ED9-1F1D4E7167D6}.Debug|Any CPU.Build.0 = Debug|Any CPU
		{20F22B6D-63F9-4E68-9ED9-1F1D4E7167D6}.Release|Any CPU.ActiveCfg = Release|Any CPU
		{20F22B6D-63F9-4E68-9ED9-1F1D4E7167D6}.Release|Any CPU.Build.0 = Release|Any CPU
	EndGlobalSection
	GlobalSection(SolutionProperties) = preSolution
		HideSolutionNode = FALSE
	EndGlobalSection
	GlobalSection(ExtensibilityGlobals) = postSolution
		SolutionGuid = {5FFB9382-7886-4FFE-B9B8-CACC1D612081}
	EndGlobalSection
EndGlobal
